
Microsoft Visual Studio Solution File, Format Version 12.00
# Visual Studio 2012
Project("{F2A71F9B-5D33-465A-A702-920D77279786}") = "Library1", "Library1\Library1.fsproj", "{8B5B2F6B-9F38-4904-8337-678E49BA2492}"
EndProject
Global
	GlobalSection(SolutionConfigurationPlatforms) = preSolution
		Debug|Any CPU = Debug|Any CPU
		Release|Any CPU = Release|Any CPU
	EndGlobalSection
	GlobalSection(ProjectConfigurationPlatforms) = postSolution
		{8B5B2F6B-9F38-4904-8337-678E49BA2492}.Debug|Any CPU.ActiveCfg = Debug|Any CPU
		{8B5B2F6B-9F38-4904-8337-678E49BA2492}.Debug|Any CPU.Build.0 = Debug|Any CPU
		{8B5B2F6B-9F38-4904-8337-678E49BA2492}.Release|Any CPU.ActiveCfg = Release|Any CPU
		{8B5B2F6B-9F38-4904-8337-678E49BA2492}.Release|Any CPU.Build.0 = Release|Any CPU
	EndGlobalSection
	GlobalSection(SolutionProperties) = preSolution
		HideSolutionNode = FALSE
	EndGlobalSection
EndGlobal
